
Microsoft Visual Studio Solution File, Format Version 12.00
# Visual Studio 15
VisualStudioVersion = 15.0.27130.2027
MinimumVisualStudioVersion = 10.0.40219.1
Project("{9A19103F-16F7-4668-BE54-9A1E7A4F7556}") = "DomainRepository.EventStore.IntegrationTests", "DomainRepository.EventStore.IntegrationTests\DomainRepository.EventStore.IntegrationTests.csproj", "{99D2AA35-5D94-4CB5-9F26-132886AF8F72}"
EndProject
Project("{9A19103F-16F7-4668-BE54-9A1E7A4F7556}") = "DomainRepository.EventStore", "DomainRepository.EventStore\DomainRepository.EventStore.csproj", "{2404CABA-4404-4C94-AD90-776EC5ACD042}"
EndProject
Global
	GlobalSection(SolutionConfigurationPlatforms) = preSolution
		Debug|Any CPU = Debug|Any CPU
		Release|Any CPU = Release|Any CPU
	EndGlobalSection
	GlobalSection(ProjectConfigurationPlatforms) = postSolution
		{99D2AA35-5D94-4CB5-9F26-132886AF8F72}.Debug|Any CPU.ActiveCfg = Debug|Any CPU
		{99D2AA35-5D94-4CB5-9F26-132886AF8F72}.Debug|Any CPU.Build.0 = Debug|Any CPU
		{99D2AA35-5D94-4CB5-9F26-132886AF8F72}.Release|Any CPU.ActiveCfg = Release|Any CPU
		{99D2AA35-5D94-4CB5-9F26-132886AF8F72}.Release|Any CPU.Build.0 = Release|Any CPU
		{2404CABA-4404-4C94-AD90-776EC5ACD042}.Debug|Any CPU.ActiveCfg = Debug|Any CPU
		{2404CABA-4404-4C94-AD90-776EC5ACD042}.Debug|Any CPU.Build.0 = Debug|Any CPU
		{2404CABA-4404-4C94-AD90-776EC5ACD042}.Release|Any CPU.ActiveCfg = Release|Any CPU
		{2404CABA-4404-4C94-AD90-776EC5ACD042}.Release|Any CPU.Build.0 = Release|Any CPU
	EndGlobalSection
	GlobalSection(SolutionProperties) = preSolution
		HideSolutionNode = FALSE
	EndGlobalSection
	GlobalSection(ExtensibilityGlobals) = postSolution
		SolutionGuid = {C38386C1-0D61-46B8-9128-19641DBE9100}
	EndGlobalSection
EndGlobal
